
Microsoft Visual Studio Solution File, Format Version 12.00
# Visual Studio 14
VisualStudioVersion = 14.0.23107.0
MinimumVisualStudioVersion = 10.0.40219.1
Project("{FAE04EC0-301F-11D3-BF4B-00C04F79EFBC}") = "Trazable.Engine", "Trazable.Engine\Trazable.Engine.csproj", "{1CBADE1A-7BF2-418F-ADF1-458EC6E77CF5}"
EndProject
Project("{FAE04EC0-301F-11D3-BF4B-00C04F79EFBC}") = "Trazable.Engine.Tests", "Trazable.Engine.Tests\Trazable.Engine.Tests.csproj", "{73B34E8F-ACCF-47D8-B221-153810AF3BF1}"
EndProject
Project("{FAE04EC0-301F-11D3-BF4B-00C04F79EFBC}") = "Trazable.Bed", "Trazable.Bed\Trazable.Bed.csproj", "{6EFE0278-68CD-44BF-A47E-A307BD6787BA}"
EndProject
Global
	GlobalSection(SolutionConfigurationPlatforms) = preSolution
		Debug|Any CPU = Debug|Any CPU
		Release|Any CPU = Release|Any CPU
	EndGlobalSection
	GlobalSection(ProjectConfigurationPlatforms) = postSolution
		{1CBADE1A-7BF2-418F-ADF1-458EC6E77CF5}.Debug|Any CPU.ActiveCfg = Debug|Any CPU
		{1CBADE1A-7BF2-418F-ADF1-458EC6E77CF5}.Debug|Any CPU.Build.0 = Debug|Any CPU
		{1CBADE1A-7BF2-418F-ADF1-458EC6E77CF5}.Release|Any CPU.ActiveCfg = Release|Any CPU
		{1CBADE1A-7BF2-418F-ADF1-458EC6E77CF5}.Release|Any CPU.Build.0 = Release|Any CPU
		{73B34E8F-ACCF-47D8-B221-153810AF3BF1}.Debug|Any CPU.ActiveCfg = Debug|Any CPU
		{73B34E8F-ACCF-47D8-B221-153810AF3BF1}.Debug|Any CPU.Build.0 = Debug|Any CPU
		{73B34E8F-ACCF-47D8-B221-153810AF3BF1}.Release|Any CPU.ActiveCfg = Release|Any CPU
		{73B34E8F-ACCF-47D8-B221-153810AF3BF1}.Release|Any CPU.Build.0 = Release|Any CPU
		{6EFE0278-68CD-44BF-A47E-A307BD6787BA}.Debug|Any CPU.ActiveCfg = Debug|Any CPU
		{6EFE0278-68CD-44BF-A47E-A307BD6787BA}.Debug|Any CPU.Build.0 = Debug|Any CPU
		{6EFE0278-68CD-44BF-A47E-A307BD6787BA}.Release|Any CPU.ActiveCfg = Release|Any CPU
		{6EFE0278-68CD-44BF-A47E-A307BD6787BA}.Release|Any CPU.Build.0 = Release|Any CPU
	EndGlobalSection
	GlobalSection(SolutionProperties) = preSolution
		HideSolutionNode = FALSE
	EndGlobalSection
EndGlobal
